
Microsoft Visual Studio Solution File, Format Version 12.00
# Visual Studio Version 16
VisualStudioVersion = 16.0.29709.97
MinimumVisualStudioVersion = 10.0.40219.1
Project("{9A19103F-16F7-4668-BE54-9A1E7A4F7556}") = "ResearchApp", "ResearchApp\ResearchApp.csproj", "{F30F0871-6EC1-42B2-9992-6F4A7996F40A}"
EndProject
Project("{2150E333-8FDC-42A3-9474-1A3956D46DE8}") = "Solution Items", "Solution Items", "{22A84E18-B4FF-442B-B4D6-5F2FF6585901}"
	ProjectSection(SolutionItems) = preProject
		global.json = global.json
	EndProjectSection
EndProject
Global
	GlobalSection(SolutionConfigurationPlatforms) = preSolution
		Debug|Any CPU = Debug|Any CPU
		Release|Any CPU = Release|Any CPU
	EndGlobalSection
	GlobalSection(ProjectConfigurationPlatforms) = postSolution
		{F30F0871-6EC1-42B2-9992-6F4A7996F40A}.Debug|Any CPU.ActiveCfg = Debug|Any CPU
		{F30F0871-6EC1-42B2-9992-6F4A7996F40A}.Debug|Any CPU.Build.0 = Debug|Any CPU
		{F30F0871-6EC1-42B2-9992-6F4A7996F40A}.Release|Any CPU.ActiveCfg = Release|Any CPU
		{F30F0871-6EC1-42B2-9992-6F4A7996F40A}.Release|Any CPU.Build.0 = Release|Any CPU
	EndGlobalSection
	GlobalSection(SolutionProperties) = preSolution
		HideSolutionNode = FALSE
	EndGlobalSection
	GlobalSection(ExtensibilityGlobals) = postSolution
		SolutionGuid = {A50747FD-95F2-47BD-9780-BA440CDA2313}
	EndGlobalSection
EndGlobal
